
Microsoft Visual Studio Solution File, Format Version 12.00
# Visual Studio Version 17
VisualStudioVersion = 17.8.34408.163
MinimumVisualStudioVersion = 10.0.40219.1
Project("{FAE04EC0-301F-11D3-BF4B-00C04F79EFBC}") = "Zaharie_Alexandra_Laborator1", "Zaharie_Alexandra_Laborator1.csproj", "{87D61A20-2EB7-4B65-A13B-016D85551619}"
EndProject
Global
	GlobalSection(SolutionConfigurationPlatforms) = preSolution
		Debug|Any CPU = Debug|Any CPU
		Release|Any CPU = Release|Any CPU
	EndGlobalSection
	GlobalSection(ProjectConfigurationPlatforms) = postSolution
		{87D61A20-2EB7-4B65-A13B-016D85551619}.Debug|Any CPU.ActiveCfg = Debug|Any CPU
		{87D61A20-2EB7-4B65-A13B-016D85551619}.Debug|Any CPU.Build.0 = Debug|Any CPU
		{87D61A20-2EB7-4B65-A13B-016D85551619}.Release|Any CPU.ActiveCfg = Release|Any CPU
		{87D61A20-2EB7-4B65-A13B-016D85551619}.Release|Any CPU.Build.0 = Release|Any CPU
	EndGlobalSection
	GlobalSection(SolutionProperties) = preSolution
		HideSolutionNode = FALSE
	EndGlobalSection
	GlobalSection(ExtensibilityGlobals) = postSolution
		SolutionGuid = {C78779DE-819D-48D9-A080-93C34235B818}
	EndGlobalSection
EndGlobal
